// !$*UTF8*$!
{
	archiveVersion = 1;
	classes = {
	};
	objectVersion = 55;
	objects = {

/* Begin PBXBuildFile section */
		7B3008FF287A9A2F00AE4491 /* GridTaskView.swift in Sources */ = {isa = PBXBuildFile; fileRef = 7B3008FE287A9A2F00AE4491 /* GridTaskView.swift */; };
		7B300901287ABE7300AE4491 /* GridItemView.swift in Sources */ = {isa = PBXBuildFile; fileRef = 7B300900287ABE7300AE4491 /* GridItemView.swift */; };
		7B88C39F28689E0F0075D9F1 /* DidIDoMyBestSUApp.swift in Sources */ = {isa = PBXBuildFile; fileRef = 7B88C39E28689E0F0075D9F1 /* DidIDoMyBestSUApp.swift */; };
		7B88C3A328689E100075D9F1 /* Assets.xcassets in Resources */ = {isa = PBXBuildFile; fileRef = 7B88C3A228689E100075D9F1 /* Assets.xcassets */; };
		7B88C3A628689E100075D9F1 /* Preview Assets.xcassets in Resources */ = {isa = PBXBuildFile; fileRef = 7B88C3A528689E100075D9F1 /* Preview Assets.xcassets */; };
		7B88C3B528689E110075D9F1 /* DidIDoMyBestSUTests.swift in Sources */ = {isa = PBXBuildFile; fileRef = 7B88C3B428689E110075D9F1 /* DidIDoMyBestSUTests.swift */; };
		7B88C3BF28689E110075D9F1 /* DidIDoMyBestSUUITests.swift in Sources */ = {isa = PBXBuildFile; fileRef = 7B88C3BE28689E110075D9F1 /* DidIDoMyBestSUUITests.swift */; };
		7B88C3C128689E110075D9F1 /* DidIDoMyBestSUUITestsLaunchTests.swift in Sources */ = {isa = PBXBuildFile; fileRef = 7B88C3C028689E110075D9F1 /* DidIDoMyBestSUUITestsLaunchTests.swift */; };
		7B88C3CE28689E2D0075D9F1 /* TodoListView.swift in Sources */ = {isa = PBXBuildFile; fileRef = 7B88C3CD28689E2D0075D9F1 /* TodoListView.swift */; };
		7B88C3D328689EBE0075D9F1 /* DidIDoMyBestSU.xcdatamodeld in Sources */ = {isa = PBXBuildFile; fileRef = 7B88C3D128689EBE0075D9F1 /* DidIDoMyBestSU.xcdatamodeld */; };
		7B88C3D528689F130075D9F1 /* CoreDataManager.swift in Sources */ = {isa = PBXBuildFile; fileRef = 7B88C3D428689F130075D9F1 /* CoreDataManager.swift */; };
		7B88C3D72868B2170075D9F1 /* TaskCell.swift in Sources */ = {isa = PBXBuildFile; fileRef = 7B88C3D62868B2170075D9F1 /* TaskCell.swift */; };
		7B88C3D92868B45F0075D9F1 /* ComposeView.swift in Sources */ = {isa = PBXBuildFile; fileRef = 7B88C3D82868B45F0075D9F1 /* ComposeView.swift */; };
		7B88C3DB2868BAC80075D9F1 /* DetailView.swift in Sources */ = {isa = PBXBuildFile; fileRef = 7B88C3DA2868BAC80075D9F1 /* DetailView.swift */; };
		7BB3E0C12875D5EA00B8AA9D /* ListView.swift in Sources */ = {isa = PBXBuildFile; fileRef = 7BB3E0C02875D5EA00B8AA9D /* ListView.swift */; };
/* End PBXBuildFile section */

/* Begin PBXContainerItemProxy section */
		7B88C3B128689E110075D9F1 /* PBXContainerItemProxy */ = {
			isa = PBXContainerItemProxy;
			containerPortal = 7B88C39328689E0F0075D9F1 /* Project object */;
			proxyType = 1;
			remoteGlobalIDString = 7B88C39A28689E0F0075D9F1;
			remoteInfo = DidIDoMyBestSU;
		};
		7B88C3BB28689E110075D9F1 /* PBXContainerItemProxy */ = {
			isa = PBXContainerItemProxy;
			containerPortal = 7B88C39328689E0F0075D9F1 /* Project object */;
			proxyType = 1;
			remoteGlobalIDString = 7B88C39A28689E0F0075D9F1;
			remoteInfo = DidIDoMyBestSU;
		};
/* End PBXContainerItemProxy section */

/* Begin PBXFileReference section */
		147D408B9BE00E7D2A0E563E /* Pods-DidIDoMyBestSU-DidIDoMyBestSUUITests.release.xcconfig */ = {isa = PBXFileReference; includeInIndex = 1; lastKnownFileType = text.xcconfig; name = "Pods-DidIDoMyBestSU-DidIDoMyBestSUUITests.release.xcconfig"; path = "Target Support Files/Pods-DidIDoMyBestSU-DidIDoMyBestSUUITests/Pods-DidIDoMyBestSU-DidIDoMyBestSUUITests.release.xcconfig"; sourceTree = "<group>"; };
		1E7AF91835A4389EE9E9D212 /* Pods-DidIDoMyBestSU-DidIDoMyBestSUUITests.debug.xcconfig */ = {isa = PBXFileReference; includeInIndex = 1; lastKnownFileType = text.xcconfig; name = "Pods-DidIDoMyBestSU-DidIDoMyBestSUUITests.debug.xcconfig"; path = "Target Support Files/Pods-DidIDoMyBestSU-DidIDoMyBestSUUITests/Pods-DidIDoMyBestSU-DidIDoMyBestSUUITests.debug.xcconfig"; sourceTree = "<group>"; };
		7B3008FE287A9A2F00AE4491 /* GridTaskView.swift */ = {isa = PBXFileReference; lastKnownFileType = sourcecode.swift; path = GridTaskView.swift; sourceTree = "<group>"; };
		7B300900287ABE7300AE4491 /* GridItemView.swift */ = {isa = PBXFileReference; lastKnownFileType = sourcecode.swift; path = GridItemView.swift; sourceTree = "<group>"; };
		7B88C39B28689E0F0075D9F1 /* DidIDoMyBestSU.app */ = {isa = PBXFileReference; explicitFileType = wrapper.application; includeInIndex = 0; path = DidIDoMyBestSU.app; sourceTree = BUILT_PRODUCTS_DIR; };
		7B88C39E28689E0F0075D9F1 /* DidIDoMyBestSUApp.swift */ = {isa = PBXFileReference; lastKnownFileType = sourcecode.swift; path = DidIDoMyBestSUApp.swift; sourceTree = "<group>"; };
		7B88C3A228689E100075D9F1 /* Assets.xcassets */ = {isa = PBXFileReference; lastKnownFileType = folder.assetcatalog; path = Assets.xcassets; sourceTree = "<group>"; };
		7B88C3A528689E100075D9F1 /* Preview Assets.xcassets */ = {isa = PBXFileReference; lastKnownFileType = folder.assetcatalog; path = "Preview Assets.xcassets"; sourceTree = "<group>"; };
		7B88C3B028689E110075D9F1 /* DidIDoMyBestSUTests.xctest */ = {isa = PBXFileReference; explicitFileType = wrapper.cfbundle; includeInIndex = 0; path = DidIDoMyBestSUTests.xctest; sourceTree = BUILT_PRODUCTS_DIR; };
		7B88C3B428689E110075D9F1 /* DidIDoMyBestSUTests.swift */ = {isa = PBXFileReference; lastKnownFileType = sourcecode.swift; path = DidIDoMyBestSUTests.swift; sourceTree = "<group>"; };
		7B88C3BA28689E110075D9F1 /* DidIDoMyBestSUUITests.xctest */ = {isa = PBXFileReference; explicitFileType = wrapper.cfbundle; includeInIndex = 0; path = DidIDoMyBestSUUITests.xctest; sourceTree = BUILT_PRODUCTS_DIR; };
		7B88C3BE28689E110075D9F1 /* DidIDoMyBestSUUITests.swift */ = {isa = PBXFileReference; lastKnownFileType = sourcecode.swift; path = DidIDoMyBestSUUITests.swift; sourceTree = "<group>"; };
		7B88C3C028689E110075D9F1 /* DidIDoMyBestSUUITestsLaunchTests.swift */ = {isa = PBXFileReference; lastKnownFileType = sourcecode.swift; path = DidIDoMyBestSUUITestsLaunchTests.swift; sourceTree = "<group>"; };
		7B88C3CD28689E2D0075D9F1 /* TodoListView.swift */ = {isa = PBXFileReference; lastKnownFileType = sourcecode.swift; path = TodoListView.swift; sourceTree = "<group>"; };
		7B88C3D228689EBE0075D9F1 /* DidIDoMyBestSU.xcdatamodel */ = {isa = PBXFileReference; lastKnownFileType = wrapper.xcdatamodel; path = DidIDoMyBestSU.xcdatamodel; sourceTree = "<group>"; };
		7B88C3D428689F130075D9F1 /* CoreDataManager.swift */ = {isa = PBXFileReference; lastKnownFileType = sourcecode.swift; path = CoreDataManager.swift; sourceTree = "<group>"; };
		7B88C3D62868B2170075D9F1 /* TaskCell.swift */ = {isa = PBXFileReference; lastKnownFileType = sourcecode.swift; path = TaskCell.swift; sourceTree = "<group>"; };
		7B88C3D82868B45F0075D9F1 /* ComposeView.swift */ = {isa = PBXFileReference; lastKnownFileType = sourcecode.swift; path = ComposeView.swift; sourceTree = "<group>"; };
		7B88C3DA2868BAC80075D9F1 /* DetailView.swift */ = {isa = PBXFileReference; lastKnownFileType = sourcecode.swift; path = DetailView.swift; sourceTree = "<group>"; };
		7BB3E0C02875D5EA00B8AA9D /* ListView.swift */ = {isa = PBXFileReference; lastKnownFileType = sourcecode.swift; path = ListView.swift; sourceTree = "<group>"; };
		7D2BF2E095C56056E4D90ABE /* Pods-DidIDoMyBestSUTests.debug.xcconfig */ = {isa = PBXFileReference; includeInIndex = 1; lastKnownFileType = text.xcconfig; name = "Pods-DidIDoMyBestSUTests.debug.xcconfig"; path = "Target Support Files/Pods-DidIDoMyBestSUTests/Pods-DidIDoMyBestSUTests.debug.xcconfig"; sourceTree = "<group>"; };
		D77D75A16E0AC31EEC3BB62B /* Pods-DidIDoMyBestSUTests.release.xcconfig */ = {isa = PBXFileReference; includeInIndex = 1; lastKnownFileType = text.xcconfig; name = "Pods-DidIDoMyBestSUTests.release.xcconfig"; path = "Target Support Files/Pods-DidIDoMyBestSUTests/Pods-DidIDoMyBestSUTests.release.xcconfig"; sourceTree = "<group>"; };
		F20FD808F067E99D95C610A7 /* Pods-DidIDoMyBestSU.debug.xcconfig */ = {isa = PBXFileReference; includeInIndex = 1; lastKnownFileType = text.xcconfig; name = "Pods-DidIDoMyBestSU.debug.xcconfig"; path = "Target Support Files/Pods-DidIDoMyBestSU/Pods-DidIDoMyBestSU.debug.xcconfig"; sourceTree = "<group>"; };
		F46900CB7002AF7D1A7AB86D /* Pods-DidIDoMyBestSU.release.xcconfig */ = {isa = PBXFileReference; includeInIndex = 1; lastKnownFileType = text.xcconfig; name = "Pods-DidIDoMyBestSU.release.xcconfig"; path = "Target Support Files/Pods-DidIDoMyBestSU/Pods-DidIDoMyBestSU.release.xcconfig"; sourceTree = "<group>"; };
/* End PBXFileReference section */

/* Begin PBXFrameworksBuildPhase section */
		7B88C39828689E0F0075D9F1 /* Frameworks */ = {
			isa = PBXFrameworksBuildPhase;
			buildActionMask = 2147483647;
			files = (
			);
			runOnlyForDeploymentPostprocessing = 0;
		};
		7B88C3AD28689E110075D9F1 /* Frameworks */ = {
			isa = PBXFrameworksBuildPhase;
			buildActionMask = 2147483647;
			files = (
			);
			runOnlyForDeploymentPostprocessing = 0;
		};
		7B88C3B728689E110075D9F1 /* Frameworks */ = {
			isa = PBXFrameworksBuildPhase;
			buildActionMask = 2147483647;
			files = (
			);
			runOnlyForDeploymentPostprocessing = 0;
		};
/* End PBXFrameworksBuildPhase section */

/* Begin PBXGroup section */
		29EF6D99733B42A5D74EF587 /* Pods */ = {
			isa = PBXGroup;
			children = (
				F20FD808F067E99D95C610A7 /* Pods-DidIDoMyBestSU.debug.xcconfig */,
				F46900CB7002AF7D1A7AB86D /* Pods-DidIDoMyBestSU.release.xcconfig */,
				1E7AF91835A4389EE9E9D212 /* Pods-DidIDoMyBestSU-DidIDoMyBestSUUITests.debug.xcconfig */,
				147D408B9BE00E7D2A0E563E /* Pods-DidIDoMyBestSU-DidIDoMyBestSUUITests.release.xcconfig */,
				7D2BF2E095C56056E4D90ABE /* Pods-DidIDoMyBestSUTests.debug.xcconfig */,
				D77D75A16E0AC31EEC3BB62B /* Pods-DidIDoMyBestSUTests.release.xcconfig */,
			);
			path = Pods;
			sourceTree = "<group>";
		};
		7B88C39228689E0F0075D9F1 = {
			isa = PBXGroup;
			children = (
				7B88C39D28689E0F0075D9F1 /* DidIDoMyBestSU */,
				7B88C3B328689E110075D9F1 /* DidIDoMyBestSUTests */,
				7B88C3BD28689E110075D9F1 /* DidIDoMyBestSUUITests */,
				7B88C39C28689E0F0075D9F1 /* Products */,
				29EF6D99733B42A5D74EF587 /* Pods */,
			);
			sourceTree = "<group>";
		};
		7B88C39C28689E0F0075D9F1 /* Products */ = {
			isa = PBXGroup;
			children = (
				7B88C39B28689E0F0075D9F1 /* DidIDoMyBestSU.app */,
				7B88C3B028689E110075D9F1 /* DidIDoMyBestSUTests.xctest */,
				7B88C3BA28689E110075D9F1 /* DidIDoMyBestSUUITests.xctest */,
			);
			name = Products;
			sourceTree = "<group>";
		};
		7B88C39D28689E0F0075D9F1 /* DidIDoMyBestSU */ = {
			isa = PBXGroup;
			children = (
				7BB3E0BF2872F3C000B8AA9D /* Model */,
				7B88C3A228689E100075D9F1 /* Assets.xcassets */,
				7B88C3D028689E830075D9F1 /* CoreData */,
				7B88C3CF28689E320075D9F1 /* View */,
				7B88C39E28689E0F0075D9F1 /* DidIDoMyBestSUApp.swift */,
				7B88C3A428689E100075D9F1 /* Preview Content */,
			);
			path = DidIDoMyBestSU;
			sourceTree = "<group>";
		};
		7B88C3A428689E100075D9F1 /* Preview Content */ = {
			isa = PBXGroup;
			children = (
				7B88C3A528689E100075D9F1 /* Preview Assets.xcassets */,
			);
			path = "Preview Content";
			sourceTree = "<group>";
		};
		7B88C3B328689E110075D9F1 /* DidIDoMyBestSUTests */ = {
			isa = PBXGroup;
			children = (
				7B88C3B428689E110075D9F1 /* DidIDoMyBestSUTests.swift */,
			);
			path = DidIDoMyBestSUTests;
			sourceTree = "<group>";
		};
		7B88C3BD28689E110075D9F1 /* DidIDoMyBestSUUITests */ = {
			isa = PBXGroup;
			children = (
				7B88C3BE28689E110075D9F1 /* DidIDoMyBestSUUITests.swift */,
				7B88C3C028689E110075D9F1 /* DidIDoMyBestSUUITestsLaunchTests.swift */,
			);
			path = DidIDoMyBestSUUITests;
			sourceTree = "<group>";
		};
		7B88C3CF28689E320075D9F1 /* View */ = {
			isa = PBXGroup;
			children = (
				7B88C3CD28689E2D0075D9F1 /* TodoListView.swift */,
				7BB3E0C02875D5EA00B8AA9D /* ListView.swift */,
				7B88C3D62868B2170075D9F1 /* TaskCell.swift */,
				7B88C3D82868B45F0075D9F1 /* ComposeView.swift */,
				7B88C3DA2868BAC80075D9F1 /* DetailView.swift */,
				7B3008FE287A9A2F00AE4491 /* GridTaskView.swift */,
				7B300900287ABE7300AE4491 /* GridItemView.swift */,
			);
			path = View;
			sourceTree = "<group>";
		};
		7B88C3D028689E830075D9F1 /* CoreData */ = {
			isa = PBXGroup;
			children = (
				7B88C3D128689EBE0075D9F1 /* DidIDoMyBestSU.xcdatamodeld */,
				7B88C3D428689F130075D9F1 /* CoreDataManager.swift */,
			);
			path = CoreData;
			sourceTree = "<group>";
		};
		7BB3E0BF2872F3C000B8AA9D /* Model */ = {
			isa = PBXGroup;
			children = (
			);
			path = Model;
			sourceTree = "<group>";
		};
/* End PBXGroup section */

/* Begin PBXNativeTarget section */
		7B88C39A28689E0F0075D9F1 /* DidIDoMyBestSU */ = {
			isa = PBXNativeTarget;
			buildConfigurationList = 7B88C3C428689E110075D9F1 /* Build configuration list for PBXNativeTarget "DidIDoMyBestSU" */;
			buildPhases = (
				196526A321AFF5B7A73AA2EE /* [CP] Check Pods Manifest.lock */,
				7B88C39728689E0F0075D9F1 /* Sources */,
				7B88C39828689E0F0075D9F1 /* Frameworks */,
				7B88C39928689E0F0075D9F1 /* Resources */,
			);
			buildRules = (
			);
			dependencies = (
			);
			name = DidIDoMyBestSU;
			packageProductDependencies = (
			);
			productName = DidIDoMyBestSU;
			productReference = 7B88C39B28689E0F0075D9F1 /* DidIDoMyBestSU.app */;
			productType = "com.apple.product-type.application";
		};
		7B88C3AF28689E110075D9F1 /* DidIDoMyBestSUTests */ = {
			isa = PBXNativeTarget;
			buildConfigurationList = 7B88C3C728689E110075D9F1 /* Build configuration list for PBXNativeTarget "DidIDoMyBestSUTests" */;
			buildPhases = (
				D3A0682D255EA430FA78FF44 /* [CP] Check Pods Manifest.lock */,
				7B88C3AC28689E110075D9F1 /* Sources */,
				7B88C3AD28689E110075D9F1 /* Frameworks */,
				7B88C3AE28689E110075D9F1 /* Resources */,
			);
			buildRules = (
			);
			dependencies = (
				7B88C3B228689E110075D9F1 /* PBXTargetDependency */,
			);
			name = DidIDoMyBestSUTests;
			productName = DidIDoMyBestSUTests;
			productReference = 7B88C3B028689E110075D9F1 /* DidIDoMyBestSUTests.xctest */;
			productType = "com.apple.product-type.bundle.unit-test";
		};
		7B88C3B928689E110075D9F1 /* DidIDoMyBestSUUITests */ = {
			isa = PBXNativeTarget;
			buildConfigurationList = 7B88C3CA28689E110075D9F1 /* Build configuration list for PBXNativeTarget "DidIDoMyBestSUUITests" */;
			buildPhases = (
				E63529198529E9C24063061F /* [CP] Check Pods Manifest.lock */,
				7B88C3B628689E110075D9F1 /* Sources */,
				7B88C3B728689E110075D9F1 /* Frameworks */,
				7B88C3B828689E110075D9F1 /* Resources */,
			);
			buildRules = (
			);
			dependencies = (
				7B88C3BC28689E110075D9F1 /* PBXTargetDependency */,
			);
			name = DidIDoMyBestSUUITests;
			productName = DidIDoMyBestSUUITests;
			productReference = 7B88C3BA28689E110075D9F1 /* DidIDoMyBestSUUITests.xctest */;
			productType = "com.apple.product-type.bundle.ui-testing";
		};
/* End PBXNativeTarget section */

/* Begin PBXProject section */
		7B88C39328689E0F0075D9F1 /* Project object */ = {
			isa = PBXProject;
			attributes = {
				BuildIndependentTargetsInParallel = 1;
				LastSwiftUpdateCheck = 1340;
				LastUpgradeCheck = 1340;
				TargetAttributes = {
					7B88C39A28689E0F0075D9F1 = {
						CreatedOnToolsVersion = 13.4.1;
					};
					7B88C3AF28689E110075D9F1 = {
						CreatedOnToolsVersion = 13.4.1;
						TestTargetID = 7B88C39A28689E0F0075D9F1;
					};
					7B88C3B928689E110075D9F1 = {
						CreatedOnToolsVersion = 13.4.1;
						TestTargetID = 7B88C39A28689E0F0075D9F1;
					};
				};
			};
			buildConfigurationList = 7B88C39628689E0F0075D9F1 /* Build configuration list for PBXProject "DidIDoMyBestSU" */;
			compatibilityVersion = "Xcode 13.0";
			developmentRegion = en;
			hasScannedForEncodings = 0;
			knownRegions = (
				en,
				Base,
			);
			mainGroup = 7B88C39228689E0F0075D9F1;
			packageReferences = (
				7BB3E0C42875DB9200B8AA9D /* XCRemoteSwiftPackageReference "FSCalendar" */,
			);
			productRefGroup = 7B88C39C28689E0F0075D9F1 /* Products */;
			projectDirPath = "";
			projectRoot = "";
			targets = (
				7B88C39A28689E0F0075D9F1 /* DidIDoMyBestSU */,
				7B88C3AF28689E110075D9F1 /* DidIDoMyBestSUTests */,
				7B88C3B928689E110075D9F1 /* DidIDoMyBestSUUITests */,
			);
		};
/* End PBXProject section */

/* Begin PBXResourcesBuildPhase section */
		7B88C39928689E0F0075D9F1 /* Resources */ = {
			isa = PBXResourcesBuildPhase;
			buildActionMask = 2147483647;
			files = (
				7B88C3A628689E100075D9F1 /* Preview Assets.xcassets in Resources */,
				7B88C3A328689E100075D9F1 /* Assets.xcassets in Resources */,
			);
			runOnlyForDeploymentPostprocessing = 0;
		};
		7B88C3AE28689E110075D9F1 /* Resources */ = {
			isa = PBXResourcesBuildPhase;
			buildActionMask = 2147483647;
			files = (
			);
			runOnlyForDeploymentPostprocessing = 0;
		};
		7B88C3B828689E110075D9F1 /* Resources */ = {
			isa = PBXResourcesBuildPhase;
			buildActionMask = 2147483647;
			files = (
			);
			runOnlyForDeploymentPostprocessing = 0;
		};
/* End PBXResourcesBuildPhase section */

/* Begin PBXShellScriptBuildPhase section */
		196526A321AFF5B7A73AA2EE /* [CP] Check Pods Manifest.lock */ = {
			isa = PBXShellScriptBuildPhase;
			buildActionMask = 2147483647;
			files = (
			);
			inputFileListPaths = (
			);
			inputPaths = (
				"${PODS_PODFILE_DIR_PATH}/Podfile.lock",
				"${PODS_ROOT}/Manifest.lock",
			);
			name = "[CP] Check Pods Manifest.lock";
			outputFileListPaths = (
			);
			outputPaths = (
				"$(DERIVED_FILE_DIR)/Pods-DidIDoMyBestSU-checkManifestLockResult.txt",
			);
			runOnlyForDeploymentPostprocessing = 0;
			shellPath = /bin/sh;
			shellScript = "diff \"${PODS_PODFILE_DIR_PATH}/Podfile.lock\" \"${PODS_ROOT}/Manifest.lock\" > /dev/null\nif [ $? != 0 ] ; then\n    # print error to STDERR\n    echo \"error: The sandbox is not in sync with the Podfile.lock. Run 'pod install' or update your CocoaPods installation.\" >&2\n    exit 1\nfi\n# This output is used by Xcode 'outputs' to avoid re-running this script phase.\necho \"SUCCESS\" > \"${SCRIPT_OUTPUT_FILE_0}\"\n";
			showEnvVarsInLog = 0;
		};
		D3A0682D255EA430FA78FF44 /* [CP] Check Pods Manifest.lock */ = {
			isa = PBXShellScriptBuildPhase;
			buildActionMask = 2147483647;
			files = (
			);
			inputFileListPaths = (
			);
			inputPaths = (
				"${PODS_PODFILE_DIR_PATH}/Podfile.lock",
				"${PODS_ROOT}/Manifest.lock",
			);
			name = "[CP] Check Pods Manifest.lock";
			outputFileListPaths = (
			);
			outputPaths = (
				"$(DERIVED_FILE_DIR)/Pods-DidIDoMyBestSUTests-checkManifestLockResult.txt",
			);
			runOnlyForDeploymentPostprocessing = 0;
			shellPath = /bin/sh;
			shellScript = "diff \"${PODS_PODFILE_DIR_PATH}/Podfile.lock\" \"${PODS_ROOT}/Manifest.lock\" > /dev/null\nif [ $? != 0 ] ; then\n    # print error to STDERR\n    echo \"error: The sandbox is not in sync with the Podfile.lock. Run 'pod install' or update your CocoaPods installation.\" >&2\n    exit 1\nfi\n# This output is used by Xcode 'outputs' to avoid re-running this script phase.\necho \"SUCCESS\" > \"${SCRIPT_OUTPUT_FILE_0}\"\n";
			showEnvVarsInLog = 0;
		};
		E63529198529E9C24063061F /* [CP] Check Pods Manifest.lock */ = {
			isa = PBXShellScriptBuildPhase;
			buildActionMask = 2147483647;
			files = (
			);
			inputFileListPaths = (
			);
			inputPaths = (
				"${PODS_PODFILE_DIR_PATH}/Podfile.lock",
				"${PODS_ROOT}/Manifest.lock",
			);
			name = "[CP] Check Pods Manifest.lock";
			outputFileListPaths = (
			);
			outputPaths = (
				"$(DERIVED_FILE_DIR)/Pods-DidIDoMyBestSU-DidIDoMyBestSUUITests-checkManifestLockResult.txt",
			);
			runOnlyForDeploymentPostprocessing = 0;
			shellPath = /bin/sh;
			shellScript = "diff \"${PODS_PODFILE_DIR_PATH}/Podfile.lock\" \"${PODS_ROOT}/Manifest.lock\" > /dev/null\nif [ $? != 0 ] ; then\n    # print error to STDERR\n    echo \"error: The sandbox is not in sync with the Podfile.lock. Run 'pod install' or update your CocoaPods installation.\" >&2\n    exit 1\nfi\n# This output is used by Xcode 'outputs' to avoid re-running this script phase.\necho \"SUCCESS\" > \"${SCRIPT_OUTPUT_FILE_0}\"\n";
			showEnvVarsInLog = 0;
		};
/* End PBXShellScriptBuildPhase section */

/* Begin PBXSourcesBuildPhase section */
		7B88C39728689E0F0075D9F1 /* Sources */ = {
			isa = PBXSourcesBuildPhase;
			buildActionMask = 2147483647;
			files = (
				7BB3E0C12875D5EA00B8AA9D /* ListView.swift in Sources */,
				7B88C3D328689EBE0075D9F1 /* DidIDoMyBestSU.xcdatamodeld in Sources */,
				7B88C3CE28689E2D0075D9F1 /* TodoListView.swift in Sources */,
				7B88C3D528689F130075D9F1 /* CoreDataManager.swift in Sources */,
				7B88C3DB2868BAC80075D9F1 /* DetailView.swift in Sources */,
				7B3008FF287A9A2F00AE4491 /* GridTaskView.swift in Sources */,
				7B88C3D92868B45F0075D9F1 /* ComposeView.swift in Sources */,
				7B88C3D72868B2170075D9F1 /* TaskCell.swift in Sources */,
				7B88C39F28689E0F0075D9F1 /* DidIDoMyBestSUApp.swift in Sources */,
				7B300901287ABE7300AE4491 /* GridItemView.swift in Sources */,
			);
			runOnlyForDeploymentPostprocessing = 0;
		};
		7B88C3AC28689E110075D9F1 /* Sources */ = {
			isa = PBXSourcesBuildPhase;
			buildActionMask = 2147483647;
			files = (
				7B88C3B528689E110075D9F1 /* DidIDoMyBestSUTests.swift in Sources */,
			);
			runOnlyForDeploymentPostprocessing = 0;
		};
		7B88C3B628689E110075D9F1 /* Sources */ = {
			isa = PBXSourcesBuildPhase;
			buildActionMask = 2147483647;
			files = (
				7B88C3BF28689E110075D9F1 /* DidIDoMyBestSUUITests.swift in Sources */,
				7B88C3C128689E110075D9F1 /* DidIDoMyBestSUUITestsLaunchTests.swift in Sources */,
			);
			runOnlyForDeploymentPostprocessing = 0;
		};
/* End PBXSourcesBuildPhase section */

/* Begin PBXTargetDependency section */
		7B88C3B228689E110075D9F1 /* PBXTargetDependency */ = {
			isa = PBXTargetDependency;
			target = 7B88C39A28689E0F0075D9F1 /* DidIDoMyBestSU */;
			targetProxy = 7B88C3B128689E110075D9F1 /* PBXContainerItemProxy */;
		};
		7B88C3BC28689E110075D9F1 /* PBXTargetDependency */ = {
			isa = PBXTargetDependency;
			target = 7B88C39A28689E0F0075D9F1 /* DidIDoMyBestSU */;
			targetProxy = 7B88C3BB28689E110075D9F1 /* PBXContainerItemProxy */;
		};
/* End PBXTargetDependency section */

/* Begin XCBuildConfiguration section */
		7B88C3C228689E110075D9F1 /* Debug */ = {
			isa = XCBuildConfiguration;
			buildSettings = {
				ALWAYS_SEARCH_USER_PATHS = NO;
				CLANG_ANALYZER_NONNULL = YES;
				CLANG_ANALYZER_NUMBER_OBJECT_CONVERSION = YES_AGGRESSIVE;
				CLANG_CXX_LANGUAGE_STANDARD = "gnu++17";
				CLANG_ENABLE_MODULES = YES;
				CLANG_ENABLE_OBJC_ARC = YES;
				CLANG_ENABLE_OBJC_WEAK = YES;
				CLANG_WARN_BLOCK_CAPTURE_AUTORELEASING = YES;
				CLANG_WARN_BOOL_CONVERSION = YES;
				CLANG_WARN_COMMA = YES;
				CLANG_WARN_CONSTANT_CONVERSION = YES;
				CLANG_WARN_DEPRECATED_OBJC_IMPLEMENTATIONS = YES;
				CLANG_WARN_DIRECT_OBJC_ISA_USAGE = YES_ERROR;
				CLANG_WARN_DOCUMENTATION_COMMENTS = YES;
				CLANG_WARN_EMPTY_BODY = YES;
				CLANG_WARN_ENUM_CONVERSION = YES;
				CLANG_WARN_INFINITE_RECURSION = YES;
				CLANG_WARN_INT_CONVERSION = YES;
				CLANG_WARN_NON_LITERAL_NULL_CONVERSION = YES;
				CLANG_WARN_OBJC_IMPLICIT_RETAIN_SELF = YES;
				CLANG_WARN_OBJC_LITERAL_CONVERSION = YES;
				CLANG_WARN_OBJC_ROOT_CLASS = YES_ERROR;
				CLANG_WARN_QUOTED_INCLUDE_IN_FRAMEWORK_HEADER = YES;
				CLANG_WARN_RANGE_LOOP_ANALYSIS = YES;
				CLANG_WARN_STRICT_PROTOTYPES = YES;
				CLANG_WARN_SUSPICIOUS_MOVE = YES;
				CLANG_WARN_UNGUARDED_AVAILABILITY = YES_AGGRESSIVE;
				CLANG_WARN_UNREACHABLE_CODE = YES;
				CLANG_WARN__DUPLICATE_METHOD_MATCH = YES;
				COPY_PHASE_STRIP = NO;
				DEBUG_INFORMATION_FORMAT = dwarf;
				ENABLE_STRICT_OBJC_MSGSEND = YES;
				ENABLE_TESTABILITY = YES;
				GCC_C_LANGUAGE_STANDARD = gnu11;
				GCC_DYNAMIC_NO_PIC = NO;
				GCC_NO_COMMON_BLOCKS = YES;
				GCC_OPTIMIZATION_LEVEL = 0;
				GCC_PREPROCESSOR_DEFINITIONS = (
					"DEBUG=1",
					"$(inherited)",
				);
				GCC_WARN_64_TO_32_BIT_CONVERSION = YES;
				GCC_WARN_ABOUT_RETURN_TYPE = YES_ERROR;
				GCC_WARN_UNDECLARED_SELECTOR = YES;
				GCC_WARN_UNINITIALIZED_AUTOS = YES_AGGRESSIVE;
				GCC_WARN_UNUSED_FUNCTION = YES;
				GCC_WARN_UNUSED_VARIABLE = YES;
				IPHONEOS_DEPLOYMENT_TARGET = 15.5;
				MTL_ENABLE_DEBUG_INFO = INCLUDE_SOURCE;
				MTL_FAST_MATH = YES;
				ONLY_ACTIVE_ARCH = YES;
				SDKROOT = iphoneos;
				SWIFT_ACTIVE_COMPILATION_CONDITIONS = DEBUG;
				SWIFT_OPTIMIZATION_LEVEL = "-Onone";
			};
			name = Debug;
		};
		7B88C3C328689E110075D9F1 /* Release */ = {
			isa = XCBuildConfiguration;
			buildSettings = {
				ALWAYS_SEARCH_USER_PATHS = NO;
				CLANG_ANALYZER_NONNULL = YES;
				CLANG_ANALYZER_NUMBER_OBJECT_CONVERSION = YES_AGGRESSIVE;
				CLANG_CXX_LANGUAGE_STANDARD = "gnu++17";
				CLANG_ENABLE_MODULES = YES;
				CLANG_ENABLE_OBJC_ARC = YES;
				CLANG_ENABLE_OBJC_WEAK = YES;
				CLANG_WARN_BLOCK_CAPTURE_AUTORELEASING = YES;
				CLANG_WARN_BOOL_CONVERSION = YES;
				CLANG_WARN_COMMA = YES;
				CLANG_WARN_CONSTANT_CONVERSION = YES;
				CLANG_WARN_DEPRECATED_OBJC_IMPLEMENTATIONS = YES;
				CLANG_WARN_DIRECT_OBJC_ISA_USAGE = YES_ERROR;
				CLANG_WARN_DOCUMENTATION_COMMENTS = YES;
				CLANG_WARN_EMPTY_BODY = YES;
				CLANG_WARN_ENUM_CONVERSION = YES;
				CLANG_WARN_INFINITE_RECURSION = YES;
				CLANG_WARN_INT_CONVERSION = YES;
				CLANG_WARN_NON_LITERAL_NULL_CONVERSION = YES;
				CLANG_WARN_OBJC_IMPLICIT_RETAIN_SELF = YES;
				CLANG_WARN_OBJC_LITERAL_CONVERSION = YES;
				CLANG_WARN_OBJC_ROOT_CLASS = YES_ERROR;
				CLANG_WARN_QUOTED_INCLUDE_IN_FRAMEWORK_HEADER = YES;
				CLANG_WARN_RANGE_LOOP_ANALYSIS = YES;
				CLANG_WARN_STRICT_PROTOTYPES = YES;
				CLANG_WARN_SUSPICIOUS_MOVE = YES;
				CLANG_WARN_UNGUARDED_AVAILABILITY = YES_AGGRESSIVE;
				CLANG_WARN_UNREACHABLE_CODE = YES;
				CLANG_WARN__DUPLICATE_METHOD_MATCH = YES;
				COPY_PHASE_STRIP = NO;
				DEBUG_INFORMATION_FORMAT = "dwarf-with-dsym";
				ENABLE_NS_ASSERTIONS = NO;
				ENABLE_STRICT_OBJC_MSGSEND = YES;
				GCC_C_LANGUAGE_STANDARD = gnu11;
				GCC_NO_COMMON_BLOCKS = YES;
				GCC_WARN_64_TO_32_BIT_CONVERSION = YES;
				GCC_WARN_ABOUT_RETURN_TYPE = YES_ERROR;
				GCC_WARN_UNDECLARED_SELECTOR = YES;
				GCC_WARN_UNINITIALIZED_AUTOS = YES_AGGRESSIVE;
				GCC_WARN_UNUSED_FUNCTION = YES;
				GCC_WARN_UNUSED_VARIABLE = YES;
				IPHONEOS_DEPLOYMENT_TARGET = 15.5;
				MTL_ENABLE_DEBUG_INFO = NO;
				MTL_FAST_MATH = YES;
				SDKROOT = iphoneos;
				SWIFT_COMPILATION_MODE = wholemodule;
				SWIFT_OPTIMIZATION_LEVEL = "-O";
				VALIDATE_PRODUCT = YES;
			};
			name = Release;
		};
		7B88C3C528689E110075D9F1 /* Debug */ = {
			isa = XCBuildConfiguration;
			baseConfigurationReference = F20FD808F067E99D95C610A7 /* Pods-DidIDoMyBestSU.debug.xcconfig */;
			buildSettings = {
				ASSETCATALOG_COMPILER_APPICON_NAME = AppIcon;
				ASSETCATALOG_COMPILER_GLOBAL_ACCENT_COLOR_NAME = AccentColor;
				CODE_SIGN_STYLE = Automatic;
				CURRENT_PROJECT_VERSION = 1;
				DEVELOPMENT_ASSET_PATHS = "\"DidIDoMyBestSU/Preview Content\"";
				DEVELOPMENT_TEAM = QA36XKL5W8;
				ENABLE_PREVIEWS = YES;
				GENERATE_INFOPLIST_FILE = YES;
				INFOPLIST_KEY_UIApplicationSceneManifest_Generation = YES;
				INFOPLIST_KEY_UIApplicationSupportsIndirectInputEvents = YES;
				INFOPLIST_KEY_UILaunchScreen_Generation = YES;
				INFOPLIST_KEY_UISupportedInterfaceOrientations_iPad = "UIInterfaceOrientationPortrait UIInterfaceOrientationPortraitUpsideDown UIInterfaceOrientationLandscapeLeft UIInterfaceOrientationLandscapeRight";
				INFOPLIST_KEY_UISupportedInterfaceOrientations_iPhone = "UIInterfaceOrientationPortrait UIInterfaceOrientationLandscapeLeft UIInterfaceOrientationLandscapeRight";
				LD_RUNPATH_SEARCH_PATHS = (
					"$(inherited)",
					"@executable_path/Frameworks",
				);
				MARKETING_VERSION = 1.0;
				PRODUCT_BUNDLE_IDENTIFIER = "study-only.DidIDoMyBestSU";
				PRODUCT_NAME = "$(TARGET_NAME)";
				SWIFT_EMIT_LOC_STRINGS = YES;
				SWIFT_VERSION = 5.0;
				TARGETED_DEVICE_FAMILY = "1,2";
			};
			name = Debug;
		};
		7B88C3C628689E110075D9F1 /* Release */ = {
			isa = XCBuildConfiguration;
			baseConfigurationReference = F46900CB7002AF7D1A7AB86D /* Pods-DidIDoMyBestSU.release.xcconfig */;
			buildSettings = {
				ASSETCATALOG_COMPILER_APPICON_NAME = AppIcon;
				ASSETCATALOG_COMPILER_GLOBAL_ACCENT_COLOR_NAME = AccentColor;
				CODE_SIGN_STYLE = Automatic;
				CURRENT_PROJECT_VERSION = 1;
				DEVELOPMENT_ASSET_PATHS = "\"DidIDoMyBestSU/Preview Content\"";
				DEVELOPMENT_TEAM = QA36XKL5W8;
				ENABLE_PREVIEWS = YES;
				GENERATE_INFOPLIST_FILE = YES;
				INFOPLIST_KEY_UIApplicationSceneManifest_Generation = YES;
				INFOPLIST_KEY_UIApplicationSupportsIndirectInputEvents = YES;
				INFOPLIST_KEY_UILaunchScreen_Generation = YES;
				INFOPLIST_KEY_UISupportedInterfaceOrientations_iPad = "UIInterfaceOrientationPortrait UIInterfaceOrientationPortraitUpsideDown UIInterfaceOrientationLandscapeLeft UIInterfaceOrientationLandscapeRight";
				INFOPLIST_KEY_UISupportedInterfaceOrientations_iPhone = "UIInterfaceOrientationPortrait UIInterfaceOrientationLandscapeLeft UIInterfaceOrientationLandscapeRight";
				LD_RUNPATH_SEARCH_PATHS = (
					"$(inherited)",
					"@executable_path/Frameworks",
				);
				MARKETING_VERSION = 1.0;
				PRODUCT_BUNDLE_IDENTIFIER = "study-only.DidIDoMyBestSU";
				PRODUCT_NAME = "$(TARGET_NAME)";
				SWIFT_EMIT_LOC_STRINGS = YES;
				SWIFT_VERSION = 5.0;
				TARGETED_DEVICE_FAMILY = "1,2";
			};
			name = Release;
		};
		7B88C3C828689E110075D9F1 /* Debug */ = {
			isa = XCBuildConfiguration;
			baseConfigurationReference = 7D2BF2E095C56056E4D90ABE /* Pods-DidIDoMyBestSUTests.debug.xcconfig */;
			buildSettings = {
				ALWAYS_EMBED_SWIFT_STANDARD_LIBRARIES = YES;
				BUNDLE_LOADER = "$(TEST_HOST)";
				CODE_SIGN_STYLE = Automatic;
				CURRENT_PROJECT_VERSION = 1;
				DEVELOPMENT_TEAM = QA36XKL5W8;
				GENERATE_INFOPLIST_FILE = YES;
				IPHONEOS_DEPLOYMENT_TARGET = 15.5;
				MARKETING_VERSION = 1.0;
				PRODUCT_BUNDLE_IDENTIFIER = "study-only.DidIDoMyBestSUTests";
				PRODUCT_NAME = "$(TARGET_NAME)";
				SWIFT_EMIT_LOC_STRINGS = NO;
				SWIFT_VERSION = 5.0;
				TARGETED_DEVICE_FAMILY = "1,2";
				TEST_HOST = "$(BUILT_PRODUCTS_DIR)/DidIDoMyBestSU.app/DidIDoMyBestSU";
			};
			name = Debug;
		};
		7B88C3C928689E110075D9F1 /* Release */ = {
			isa = XCBuildConfiguration;
			baseConfigurationReference = D77D75A16E0AC31EEC3BB62B /* Pods-DidIDoMyBestSUTests.release.xcconfig */;
			buildSettings = {
				ALWAYS_EMBED_SWIFT_STANDARD_LIBRARIES = YES;
				BUNDLE_LOADER = "$(TEST_HOST)";
				CODE_SIGN_STYLE = Automatic;
				CURRENT_PROJECT_VERSION = 1;
				DEVELOPMENT_TEAM = QA36XKL5W8;
				GENERATE_INFOPLIST_FILE = YES;
				IPHONEOS_DEPLOYMENT_TARGET = 15.5;
				MARKETING_VERSION = 1.0;
				PRODUCT_BUNDLE_IDENTIFIER = "study-only.DidIDoMyBestSUTests";
				PRODUCT_NAME = "$(TARGET_NAME)";
				SWIFT_EMIT_LOC_STRINGS = NO;
				SWIFT_VERSION = 5.0;
				TARGETED_DEVICE_FAMILY = "1,2";
				TEST_HOST = "$(BUILT_PRODUCTS_DIR)/DidIDoMyBestSU.app/DidIDoMyBestSU";
			};
			name = Release;
		};
		7B88C3CB28689E110075D9F1 /* Debug */ = {
			isa = XCBuildConfiguration;
			baseConfigurationReference = 1E7AF91835A4389EE9E9D212 /* Pods-DidIDoMyBestSU-DidIDoMyBestSUUITests.debug.xcconfig */;
			buildSettings = {
				ALWAYS_EMBED_SWIFT_STANDARD_LIBRARIES = YES;
				CODE_SIGN_STYLE = Automatic;
				CURRENT_PROJECT_VERSION = 1;
				DEVELOPMENT_TEAM = QA36XKL5W8;
				GENERATE_INFOPLIST_FILE = YES;
				MARKETING_VERSION = 1.0;
				PRODUCT_BUNDLE_IDENTIFIER = "study-only.DidIDoMyBestSUUITests";
				PRODUCT_NAME = "$(TARGET_NAME)";
				SWIFT_EMIT_LOC_STRINGS = NO;
				SWIFT_VERSION = 5.0;
				TARGETED_DEVICE_FAMILY = "1,2";
				TEST_TARGET_NAME = DidIDoMyBestSU;
			};
			name = Debug;
		};
		7B88C3CC28689E110075D9F1 /* Release */ = {
			isa = XCBuildConfiguration;
			baseConfigurationReference = 147D408B9BE00E7D2A0E563E /* Pods-DidIDoMyBestSU-DidIDoMyBestSUUITests.release.xcconfig */;
			buildSettings = {
				ALWAYS_EMBED_SWIFT_STANDARD_LIBRARIES = YES;
				CODE_SIGN_STYLE = Automatic;
				CURRENT_PROJECT_VERSION = 1;
				DEVELOPMENT_TEAM = QA36XKL5W8;
				GENERATE_INFOPLIST_FILE = YES;
				MARKETING_VERSION = 1.0;
				PRODUCT_BUNDLE_IDENTIFIER = "study-only.DidIDoMyBestSUUITests";
				PRODUCT_NAME = "$(TARGET_NAME)";
				SWIFT_EMIT_LOC_STRINGS = NO;
				SWIFT_VERSION = 5.0;
				TARGETED_DEVICE_FAMILY = "1,2";
				TEST_TARGET_NAME = DidIDoMyBestSU;
			};
			name = Release;
		};
/* End XCBuildConfiguration section */

/* Begin XCConfigurationList section */
		7B88C39628689E0F0075D9F1 /* Build configuration list for PBXProject "DidIDoMyBestSU" */ = {
			isa = XCConfigurationList;
			buildConfigurations = (
				7B88C3C228689E110075D9F1 /* Debug */,
				7B88C3C328689E110075D9F1 /* Release */,
			);
			defaultConfigurationIsVisible = 0;
			defaultConfigurationName = Release;
		};
		7B88C3C428689E110075D9F1 /* Build configuration list for PBXNativeTarget "DidIDoMyBestSU" */ = {
			isa = XCConfigurationList;
			buildConfigurations = (
				7B88C3C528689E110075D9F1 /* Debug */,
				7B88C3C628689E110075D9F1 /* Release */,
			);
			defaultConfigurationIsVisible = 0;
			defaultConfigurationName = Release;
		};
		7B88C3C728689E110075D9F1 /* Build configuration list for PBXNativeTarget "DidIDoMyBestSUTests" */ = {
			isa = XCConfigurationList;
			buildConfigurations = (
				7B88C3C828689E110075D9F1 /* Debug */,
				7B88C3C928689E110075D9F1 /* Release */,
			);
			defaultConfigurationIsVisible = 0;
			defaultConfigurationName = Release;
		};
		7B88C3CA28689E110075D9F1 /* Build configuration list for PBXNativeTarget "DidIDoMyBestSUUITests" */ = {
			isa = XCConfigurationList;
			buildConfigurations = (
				7B88C3CB28689E110075D9F1 /* Debug */,
				7B88C3CC28689E110075D9F1 /* Release */,
			);
			defaultConfigurationIsVisible = 0;
			defaultConfigurationName = Release;
		};
/* End XCConfigurationList section */

/* Begin XCRemoteSwiftPackageReference section */
		7BB3E0C42875DB9200B8AA9D /* XCRemoteSwiftPackageReference "FSCalendar" */ = {
			isa = XCRemoteSwiftPackageReference;
			repositoryURL = "https://github.com/WenchaoD/FSCalendar.git";
			requirement = {
				kind = upToNextMajorVersion;
				minimumVersion = 2.0.0;
			};
		};
/* End XCRemoteSwiftPackageReference section */

/* Begin XCVersionGroup section */
		7B88C3D128689EBE0075D9F1 /* DidIDoMyBestSU.xcdatamodeld */ = {
			isa = XCVersionGroup;
			children = (
				7B88C3D228689EBE0075D9F1 /* DidIDoMyBestSU.xcdatamodel */,
			);
			currentVersion = 7B88C3D228689EBE0075D9F1 /* DidIDoMyBestSU.xcdatamodel */;
			path = DidIDoMyBestSU.xcdatamodeld;
			sourceTree = "<group>";
			versionGroupType = wrapper.xcdatamodel;
		};
/* End XCVersionGroup section */
	};
	rootObject = 7B88C39328689E0F0075D9F1 /* Project object */;
}
